<?xml version="1.0" encoding="utf-8"?>
<Project ToolsVersion="4.0" xmlns="http://schemas.microsoft.com/developer/msbuild/2003">
  <ItemGroup>
    <Filter Include="源文件">
      <UniqueIdentifier>{4FC737F1-C7A5-4376-A066-2A32D752A2FF}</UniqueIdentifier>
      <Extensions>cpp;c;cc;cxx;def;odl;idl;hpj;bat;asm;asmx</Extensions>
    </Filter>
    <Filter Include="头文件">
      <UniqueIdentifier>{93995380-89BD-4b04-88EB-625FBE52EBFB}</UniqueIdentifier>
      <Extensions>h;hh;hpp;hxx;hm;inl;inc;xsd</Extensions>
    </Filter>
    <Filter Include="资源文件">
      <UniqueIdentifier>{67DA6AB6-F800-4c08-8B7A-83BB121AAD01}</UniqueIdentifier>
      <Extensions>rc;ico;cur;bmp;dlg;rc2;rct;bin;rgs;gif;jpg;jpeg;jpe;resx;tiff;tif;png;wav;mfcribbon-ms</Extensions>
    </Filter>
    <Filter Include="shader">
      <UniqueIdentifier>{a888a32d-eabf-43a7-afc7-fd4dee8dc628}</UniqueIdentifier>
    </Filter>
    <Filter Include="源文件\shader">
      <UniqueIdentifier>{da49e698-75f2-4223-9cc6-291671856776}</UniqueIdentifier>
    </Filter>
    <Filter Include="platform">
      <UniqueIdentifier>{b64c89a4-304c-4ea8-bd48-e0c7578375c8}</UniqueIdentifier>
    </Filter>
  </ItemGroup>
  <ItemGroup>
    <Text Include="ReadMe.txt" />
  </ItemGroup>
  <ItemGroup>
    <ClInclude Include="stdafx.h">
      <Filter>头文件</Filter>
    </ClInclude>
    <ClInclude Include="targetver.h">
      <Filter>头文件</Filter>
    </ClInclude>
    <ClInclude Include="Resource.h">
      <Filter>头文件</Filter>
    </ClInclude>
    <ClInclude Include="D3DSkyBox.h">
      <Filter>头文件</Filter>
    </ClInclude>
    <ClInclude Include="Common.h">
      <Filter>platform</Filter>
    </ClInclude>
    <ClInclude Include="platform.h">
      <Filter>platform</Filter>
    </ClInclude>
    <ClInclude Include="D3DGaussianBlur.h">
      <Filter>头文件</Filter>
    </ClInclude>
    <ClInclude Include="D3DApp.h">
      <Filter>头文件</Filter>
    </ClInclude>
    <ClInclude Include="platform\D3DCamera.h">
      <Filter>platform</Filter>
    </ClInclude>
    <ClInclude Include="platform\AppUtil.h">
      <Filter>platform</Filter>
    </ClInclude>
    <ClInclude Include="platform\Timer.h">
      <Filter>platform</Filter>
    </ClInclude>
  </ItemGroup>
  <ItemGroup>
    <ClCompile Include="stdafx.cpp">
      <Filter>源文件</Filter>
    </ClCompile>
    <ClCompile Include="main.cpp">
      <Filter>源文件</Filter>
    </ClCompile>
    <ClCompile Include="D3DGaussianBlur.cpp">
      <Filter>源文件</Filter>
    </ClCompile>
    <ClCompile Include="D3DSkyBox.cpp">
      <Filter>源文件</Filter>
    </ClCompile>
    <ClCompile Include="Common.cpp">
      <Filter>platform</Filter>
    </ClCompile>
    <ClCompile Include="D3DApp.cpp">
      <Filter>源文件</Filter>
    </ClCompile>
    <ClCompile Include="platform\D3DCamera.cpp">
      <Filter>platform</Filter>
    </ClCompile>
    <ClCompile Include="platform\AppUtil.cpp">
      <Filter>platform</Filter>
    </ClCompile>
    <ClCompile Include="platform\Timer.cpp">
      <Filter>platform</Filter>
    </ClCompile>
  </ItemGroup>
  <ItemGroup>
    <ResourceCompile Include="GaussianBlur.rc">
      <Filter>资源文件</Filter>
    </ResourceCompile>
  </ItemGroup>
  <ItemGroup>
    <Image Include="small.ico">
      <Filter>资源文件</Filter>
    </Image>
    <Image Include="GaussianBlur.ico">
      <Filter>资源文件</Filter>
    </Image>
  </ItemGroup>
  <ItemGroup>
    <None Include="VertexShader.hlsl">
      <Filter>资源文件</Filter>
    </None>
    <None Include="..\shader\blur_vs.fx">
      <Filter>shader</Filter>
    </None>
    <None Include="skybox11.hlsl">
      <Filter>源文件</Filter>
    </None>
    <None Include="gaussian_color_cs.fx">
      <Filter>源文件\shader</Filter>
    </None>
    <None Include="gaussian_mono_cs.fx">
      <Filter>源文件\shader</Filter>
    </None>
    <None Include="gaussian_vs_ps.fx">
      <Filter>源文件\shader</Filter>
    </None>
  </ItemGroup>
</Project>